
Microsoft Visual Studio Solution File, Format Version 12.00
# Visual Studio Version 17
VisualStudioVersion = 17.11.35327.3
MinimumVisualStudioVersion = 10.0.40219.1
Project("{FAE04EC0-301F-11D3-BF4B-00C04F79EFBC}") = "Plaisio_API", "Plaisio_API\Plaisio_API.csproj", "{9E19280C-C127-435A-96E4-CB7B33054428}"
EndProject
Global
	GlobalSection(SolutionConfigurationPlatforms) = preSolution
		Debug|Any CPU = Debug|Any CPU
		Release|Any CPU = Release|Any CPU
	EndGlobalSection
	GlobalSection(ProjectConfigurationPlatforms) = postSolution
		{9E19280C-C127-435A-96E4-CB7B33054428}.Debug|Any CPU.ActiveCfg = Debug|Any CPU
		{9E19280C-C127-435A-96E4-CB7B33054428}.Debug|Any CPU.Build.0 = Debug|Any CPU
		{9E19280C-C127-435A-96E4-CB7B33054428}.Release|Any CPU.ActiveCfg = Release|Any CPU
		{9E19280C-C127-435A-96E4-CB7B33054428}.Release|Any CPU.Build.0 = Release|Any CPU
	EndGlobalSection
	GlobalSection(SolutionProperties) = preSolution
		HideSolutionNode = FALSE
	EndGlobalSection
	GlobalSection(ExtensibilityGlobals) = postSolution
		SolutionGuid = {5E4AC8C5-0094-428C-8020-21E38107F1A0}
	EndGlobalSection
EndGlobal
